{
  "name": "tbp",
  "version": "1.0.0",
  "lockfileVersion": 1,
  "requires": true,
  "dependencies": {
    "buffer-json": {
      "version": "1.0.0",
      "resolved": "https://registry.npmjs.org/buffer-json/-/buffer-json-1.0.0.tgz",
      "integrity": "sha1-OfXKXgDMRO2EY65CImX/CD7xez8="
    },
    "electron-ipc-stream": {
      "version": "0.2.0",
      "resolved": "https://registry.npmjs.org/electron-ipc-stream/-/electron-ipc-stream-0.2.0.tgz",
      "integrity": "sha1-B7N05+JuYZ3lbVyvmfi6CpMgnAY=",
      "requires": {
        "buffer-json": "^1.0.0",
        "is-electron-renderer": "^2.0.0"
      }
    },
    "is-electron-renderer": {
      "version": "2.0.1",
      "resolved": "https://registry.npmjs.org/is-electron-renderer/-/is-electron-renderer-2.0.1.tgz",
      "integrity": "sha1-pGnQVvl1aXxYyYxgI+sKp5r4laI="
    }
  }
}
